
Microsoft Visual Studio Solution File, Format Version 12.00
# Visual Studio 15
VisualStudioVersion = 15.0.27004.2010
MinimumVisualStudioVersion = 10.0.40219.1
Project("{FAE04EC0-301F-11D3-BF4B-00C04F79EFBC}") = "MiniGuid", "MiniGuid\MiniGuid.csproj", "{202DF6DF-9438-404A-A1AA-75BAD5CBA680}"
EndProject
Project("{FAE04EC0-301F-11D3-BF4B-00C04F79EFBC}") = "MiniGuid.Test", "MiniGuid.Test\MiniGuid.Test.csproj", "{966BB725-A076-4AFC-8832-0BFD20E6126B}"
EndProject
Global
	GlobalSection(SolutionConfigurationPlatforms) = preSolution
		Debug|Any CPU = Debug|Any CPU
		Release|Any CPU = Release|Any CPU
	EndGlobalSection
	GlobalSection(ProjectConfigurationPlatforms) = postSolution
		{202DF6DF-9438-404A-A1AA-75BAD5CBA680}.Debug|Any CPU.ActiveCfg = Debug|Any CPU
		{202DF6DF-9438-404A-A1AA-75BAD5CBA680}.Debug|Any CPU.Build.0 = Debug|Any CPU
		{202DF6DF-9438-404A-A1AA-75BAD5CBA680}.Release|Any CPU.ActiveCfg = Release|Any CPU
		{202DF6DF-9438-404A-A1AA-75BAD5CBA680}.Release|Any CPU.Build.0 = Release|Any CPU
		{966BB725-A076-4AFC-8832-0BFD20E6126B}.Debug|Any CPU.ActiveCfg = Debug|Any CPU
		{966BB725-A076-4AFC-8832-0BFD20E6126B}.Debug|Any CPU.Build.0 = Debug|Any CPU
		{966BB725-A076-4AFC-8832-0BFD20E6126B}.Release|Any CPU.ActiveCfg = Release|Any CPU
		{966BB725-A076-4AFC-8832-0BFD20E6126B}.Release|Any CPU.Build.0 = Release|Any CPU
	EndGlobalSection
	GlobalSection(SolutionProperties) = preSolution
		HideSolutionNode = FALSE
	EndGlobalSection
	GlobalSection(ExtensibilityGlobals) = postSolution
		SolutionGuid = {02414F0C-AABB-4E01-98F5-A15EE5743023}
	EndGlobalSection
EndGlobal
